
Microsoft Visual Studio Solution File, Format Version 12.00
# Visual Studio Version 17
VisualStudioVersion = 17.1.32421.90
MinimumVisualStudioVersion = 10.0.40219.1
Project("{FAE04EC0-301F-11D3-BF4B-00C04F79EFBC}") = "TMDBMovieSearch", "TMDBMovieSearch\TMDBMovieSearch.csproj", "{B486D1D3-AD9D-46D4-BCDD-E54DAF4892A4}"
EndProject
Global
	GlobalSection(SolutionConfigurationPlatforms) = preSolution
		Debug|Any CPU = Debug|Any CPU
		Release|Any CPU = Release|Any CPU
	EndGlobalSection
	GlobalSection(ProjectConfigurationPlatforms) = postSolution
		{B486D1D3-AD9D-46D4-BCDD-E54DAF4892A4}.Debug|Any CPU.ActiveCfg = Debug|Any CPU
		{B486D1D3-AD9D-46D4-BCDD-E54DAF4892A4}.Debug|Any CPU.Build.0 = Debug|Any CPU
		{B486D1D3-AD9D-46D4-BCDD-E54DAF4892A4}.Release|Any CPU.ActiveCfg = Release|Any CPU
		{B486D1D3-AD9D-46D4-BCDD-E54DAF4892A4}.Release|Any CPU.Build.0 = Release|Any CPU
	EndGlobalSection
	GlobalSection(SolutionProperties) = preSolution
		HideSolutionNode = FALSE
	EndGlobalSection
	GlobalSection(ExtensibilityGlobals) = postSolution
		SolutionGuid = {BFDA1582-5C3D-41AA-8D9A-C4101A1164CC}
	EndGlobalSection
EndGlobal
